
Microsoft Visual Studio Solution File, Format Version 12.00
# Visual Studio Version 16
VisualStudioVersion = 16.0.29230.47
MinimumVisualStudioVersion = 10.0.40219.1
Project("{FAE04EC0-301F-11D3-BF4B-00C04F79EFBC}") = "CorePortfolio2", "CorePortfolio2\CorePortfolio2.csproj", "{1B6B7B95-F7B1-45BB-9A35-8A34AC5DACBC}"
EndProject
Global
	GlobalSection(SolutionConfigurationPlatforms) = preSolution
		Debug|Any CPU = Debug|Any CPU
		Release|Any CPU = Release|Any CPU
	EndGlobalSection
	GlobalSection(ProjectConfigurationPlatforms) = postSolution
		{1B6B7B95-F7B1-45BB-9A35-8A34AC5DACBC}.Debug|Any CPU.ActiveCfg = Debug|Any CPU
		{1B6B7B95-F7B1-45BB-9A35-8A34AC5DACBC}.Debug|Any CPU.Build.0 = Debug|Any CPU
		{1B6B7B95-F7B1-45BB-9A35-8A34AC5DACBC}.Release|Any CPU.ActiveCfg = Release|Any CPU
		{1B6B7B95-F7B1-45BB-9A35-8A34AC5DACBC}.Release|Any CPU.Build.0 = Release|Any CPU
	EndGlobalSection
	GlobalSection(SolutionProperties) = preSolution
		HideSolutionNode = FALSE
	EndGlobalSection
	GlobalSection(ExtensibilityGlobals) = postSolution
		SolutionGuid = {14145099-933D-4895-9BC6-8A0342660DE9}
	EndGlobalSection
EndGlobal
